// !$*UTF8*$!
{
	archiveVersion = 1;
	classes = {
	};
	objectVersion = 55;
	objects = {

/* Begin PBXBuildFile section */
		4022BFD927690994001CB43D /* CoreDataMain.xcdatamodeld in Sources */ = {isa = PBXBuildFile; fileRef = 4022BFD727690994001CB43D /* CoreDataMain.xcdatamodeld */; };
		4022BFDB27691304001CB43D /* PiEmptyFavouritesView.swift in Sources */ = {isa = PBXBuildFile; fileRef = 4022BFDA27691304001CB43D /* PiEmptyFavouritesView.swift */; };
		4022C00027693975001CB43D /* PersistenceManager.swift in Sources */ = {isa = PBXBuildFile; fileRef = 4022BFFF27693975001CB43D /* PersistenceManager.swift */; };
		402DFAEA275FED97000B25F0 /* DetailsVC.swift in Sources */ = {isa = PBXBuildFile; fileRef = 402DFAE9275FED97000B25F0 /* DetailsVC.swift */; };
		403E345A27495B5800850FF4 /* SelectedPictureVC.swift in Sources */ = {isa = PBXBuildFile; fileRef = 403E345927495B5800850FF4 /* SelectedPictureVC.swift */; };
		403E345C274AE2F300850FF4 /* TagsCollectionViewCell.swift in Sources */ = {isa = PBXBuildFile; fileRef = 403E345B274AE2F300850FF4 /* TagsCollectionViewCell.swift */; };
		405703B42739477C0095BD5E /* AppDelegate.swift in Sources */ = {isa = PBXBuildFile; fileRef = 405703B32739477C0095BD5E /* AppDelegate.swift */; };
		405703B62739477C0095BD5E /* SceneDelegate.swift in Sources */ = {isa = PBXBuildFile; fileRef = 405703B52739477C0095BD5E /* SceneDelegate.swift */; };
		405703BD2739477E0095BD5E /* Assets.xcassets in Resources */ = {isa = PBXBuildFile; fileRef = 405703BC2739477E0095BD5E /* Assets.xcassets */; };
		405703C02739477E0095BD5E /* LaunchScreen.storyboard in Resources */ = {isa = PBXBuildFile; fileRef = 405703BE2739477E0095BD5E /* LaunchScreen.storyboard */; };
		405703C827394ABC0095BD5E /* SearchPicturesVC.swift in Sources */ = {isa = PBXBuildFile; fileRef = 405703C727394ABC0095BD5E /* SearchPicturesVC.swift */; };
		405703CA27394AD00095BD5E /* FavoritesVC.swift in Sources */ = {isa = PBXBuildFile; fileRef = 405703C927394AD00095BD5E /* FavoritesVC.swift */; };
		405703D02739B8C50095BD5E /* PiTextField.swift in Sources */ = {isa = PBXBuildFile; fileRef = 405703CF2739B8C50095BD5E /* PiTextField.swift */; };
		406854E12762A7A200131310 /* LabelsResultVC.swift in Sources */ = {isa = PBXBuildFile; fileRef = 406854E02762A7A200131310 /* LabelsResultVC.swift */; };
		40895A74273A70C500276AE2 /* PiButton.swift in Sources */ = {isa = PBXBuildFile; fileRef = 40895A73273A70C500276AE2 /* PiButton.swift */; };
		40895A76273A82D000276AE2 /* SearchResultsVC.swift in Sources */ = {isa = PBXBuildFile; fileRef = 40895A75273A82D000276AE2 /* SearchResultsVC.swift */; };
		40895A79273B0DDF00276AE2 /* NetworkManager.swift in Sources */ = {isa = PBXBuildFile; fileRef = 40895A78273B0DDF00276AE2 /* NetworkManager.swift */; };
		40895A7C273B10A000276AE2 /* PictureResultsModel.swift in Sources */ = {isa = PBXBuildFile; fileRef = 40895A7B273B10A000276AE2 /* PictureResultsModel.swift */; };
		40895A7E273B136800276AE2 /* ErrorMessage.swift in Sources */ = {isa = PBXBuildFile; fileRef = 40895A7D273B136800276AE2 /* ErrorMessage.swift */; };
		408B024027611FE3002F37B0 /* PiBodyLabel.swift in Sources */ = {isa = PBXBuildFile; fileRef = 408B023F27611FE3002F37B0 /* PiBodyLabel.swift */; };
		408B024227614F9C002F37B0 /* Constants.swift in Sources */ = {isa = PBXBuildFile; fileRef = 408B024127614F9C002F37B0 /* Constants.swift */; };
		409EC4AD275E6DBB00C2ABC9 /* UIHelpers.swift in Sources */ = {isa = PBXBuildFile; fileRef = 409EC4AC275E6DBB00C2ABC9 /* UIHelpers.swift */; };
		40A22964273DD4BE002DF56D /* ResultsCollectionViewCell.swift in Sources */ = {isa = PBXBuildFile; fileRef = 40A22963273DD4BE002DF56D /* ResultsCollectionViewCell.swift */; };
		40D8D1682743DFA200FAD588 /* PiResultImageView.swift in Sources */ = {isa = PBXBuildFile; fileRef = 40D8D1672743DFA200FAD588 /* PiResultImageView.swift */; };
		40D8D16D2743E78400FAD588 /* UIViewController+Ext.swift in Sources */ = {isa = PBXBuildFile; fileRef = 40D8D16C2743E78400FAD588 /* UIViewController+Ext.swift */; };
/* End PBXBuildFile section */

/* Begin PBXFileReference section */
		4022BFD827690994001CB43D /* CoreDataMain.xcdatamodel */ = {isa = PBXFileReference; lastKnownFileType = wrapper.xcdatamodel; path = CoreDataMain.xcdatamodel; sourceTree = "<group>"; };
		4022BFDA27691304001CB43D /* PiEmptyFavouritesView.swift */ = {isa = PBXFileReference; lastKnownFileType = sourcecode.swift; path = PiEmptyFavouritesView.swift; sourceTree = "<group>"; };
		4022BFFF27693975001CB43D /* PersistenceManager.swift */ = {isa = PBXFileReference; lastKnownFileType = sourcecode.swift; path = PersistenceManager.swift; sourceTree = "<group>"; };
		402DFAE9275FED97000B25F0 /* DetailsVC.swift */ = {isa = PBXFileReference; lastKnownFileType = sourcecode.swift; path = DetailsVC.swift; sourceTree = "<group>"; };
		403E345927495B5800850FF4 /* SelectedPictureVC.swift */ = {isa = PBXFileReference; lastKnownFileType = sourcecode.swift; path = SelectedPictureVC.swift; sourceTree = "<group>"; };
		403E345B274AE2F300850FF4 /* TagsCollectionViewCell.swift */ = {isa = PBXFileReference; lastKnownFileType = sourcecode.swift; path = TagsCollectionViewCell.swift; sourceTree = "<group>"; };
		405703B02739477C0095BD5E /* PurpleImage.app */ = {isa = PBXFileReference; explicitFileType = wrapper.application; includeInIndex = 0; path = PurpleImage.app; sourceTree = BUILT_PRODUCTS_DIR; };
		405703B32739477C0095BD5E /* AppDelegate.swift */ = {isa = PBXFileReference; lastKnownFileType = sourcecode.swift; path = AppDelegate.swift; sourceTree = "<group>"; };
		405703B52739477C0095BD5E /* SceneDelegate.swift */ = {isa = PBXFileReference; lastKnownFileType = sourcecode.swift; path = SceneDelegate.swift; sourceTree = "<group>"; };
		405703BC2739477E0095BD5E /* Assets.xcassets */ = {isa = PBXFileReference; lastKnownFileType = folder.assetcatalog; path = Assets.xcassets; sourceTree = "<group>"; };
		405703BF2739477E0095BD5E /* Base */ = {isa = PBXFileReference; lastKnownFileType = file.storyboard; name = Base; path = Base.lproj/LaunchScreen.storyboard; sourceTree = "<group>"; };
		405703C12739477E0095BD5E /* Info.plist */ = {isa = PBXFileReference; lastKnownFileType = text.plist.xml; path = Info.plist; sourceTree = "<group>"; };
		405703C727394ABC0095BD5E /* SearchPicturesVC.swift */ = {isa = PBXFileReference; lastKnownFileType = sourcecode.swift; path = SearchPicturesVC.swift; sourceTree = "<group>"; };
		405703C927394AD00095BD5E /* FavoritesVC.swift */ = {isa = PBXFileReference; lastKnownFileType = sourcecode.swift; path = FavoritesVC.swift; sourceTree = "<group>"; };
		405703CF2739B8C50095BD5E /* PiTextField.swift */ = {isa = PBXFileReference; lastKnownFileType = sourcecode.swift; path = PiTextField.swift; sourceTree = "<group>"; };
		406854E02762A7A200131310 /* LabelsResultVC.swift */ = {isa = PBXFileReference; lastKnownFileType = sourcecode.swift; path = LabelsResultVC.swift; sourceTree = "<group>"; };
		40895A73273A70C500276AE2 /* PiButton.swift */ = {isa = PBXFileReference; lastKnownFileType = sourcecode.swift; path = PiButton.swift; sourceTree = "<group>"; };
		40895A75273A82D000276AE2 /* SearchResultsVC.swift */ = {isa = PBXFileReference; lastKnownFileType = sourcecode.swift; path = SearchResultsVC.swift; sourceTree = "<group>"; };
		40895A78273B0DDF00276AE2 /* NetworkManager.swift */ = {isa = PBXFileReference; lastKnownFileType = sourcecode.swift; path = NetworkManager.swift; sourceTree = "<group>"; };
		40895A7B273B10A000276AE2 /* PictureResultsModel.swift */ = {isa = PBXFileReference; lastKnownFileType = sourcecode.swift; path = PictureResultsModel.swift; sourceTree = "<group>"; };
		40895A7D273B136800276AE2 /* ErrorMessage.swift */ = {isa = PBXFileReference; lastKnownFileType = sourcecode.swift; path = ErrorMessage.swift; sourceTree = "<group>"; };
		408B023F27611FE3002F37B0 /* PiBodyLabel.swift */ = {isa = PBXFileReference; lastKnownFileType = sourcecode.swift; path = PiBodyLabel.swift; sourceTree = "<group>"; };
		408B024127614F9C002F37B0 /* Constants.swift */ = {isa = PBXFileReference; lastKnownFileType = sourcecode.swift; path = Constants.swift; sourceTree = "<group>"; };
		409EC4AC275E6DBB00C2ABC9 /* UIHelpers.swift */ = {isa = PBXFileReference; lastKnownFileType = sourcecode.swift; path = UIHelpers.swift; sourceTree = "<group>"; };
		40A22963273DD4BE002DF56D /* ResultsCollectionViewCell.swift */ = {isa = PBXFileReference; lastKnownFileType = sourcecode.swift; path = ResultsCollectionViewCell.swift; sourceTree = "<group>"; };
		40D8D1672743DFA200FAD588 /* PiResultImageView.swift */ = {isa = PBXFileReference; lastKnownFileType = sourcecode.swift; path = PiResultImageView.swift; sourceTree = "<group>"; };
		40D8D16C2743E78400FAD588 /* UIViewController+Ext.swift */ = {isa = PBXFileReference; lastKnownFileType = sourcecode.swift; path = "UIViewController+Ext.swift"; sourceTree = "<group>"; };
/* End PBXFileReference section */

/* Begin PBXFrameworksBuildPhase section */
		405703AD2739477C0095BD5E /* Frameworks */ = {
			isa = PBXFrameworksBuildPhase;
			buildActionMask = 2147483647;
			files = (
			);
			runOnlyForDeploymentPostprocessing = 0;
		};
/* End PBXFrameworksBuildPhase section */

/* Begin PBXGroup section */
		402DFAEB275FEDE2000B25F0 /* ViewControllers */ = {
			isa = PBXGroup;
			children = (
				402DFAE9275FED97000B25F0 /* DetailsVC.swift */,
				406854E02762A7A200131310 /* LabelsResultVC.swift */,
			);
			path = ViewControllers;
			sourceTree = "<group>";
		};
		405703A72739477C0095BD5E = {
			isa = PBXGroup;
			children = (
				405703B22739477C0095BD5E /* PurpleImage */,
				405703B12739477C0095BD5E /* Products */,
			);
			sourceTree = "<group>";
		};
		405703B12739477C0095BD5E /* Products */ = {
			isa = PBXGroup;
			children = (
				405703B02739477C0095BD5E /* PurpleImage.app */,
			);
			name = Products;
			sourceTree = "<group>";
		};
		405703B22739477C0095BD5E /* PurpleImage */ = {
			isa = PBXGroup;
			children = (
				40D8D16B2743E75D00FAD588 /* Extensions */,
				40895A7F273B136E00276AE2 /* Managers */,
				40895A7A273B108200276AE2 /* Model */,
				40895A77273B0DB600276AE2 /* Utilities */,
				405703D12739C1A20095BD5E /* Custom Views */,
				405703CC273961400095BD5E /* Screens */,
				405703CB2739612B0095BD5E /* Resources */,
				405703BC2739477E0095BD5E /* Assets.xcassets */,
				405703BE2739477E0095BD5E /* LaunchScreen.storyboard */,
				405703C12739477E0095BD5E /* Info.plist */,
				4022BFD727690994001CB43D /* CoreDataMain.xcdatamodeld */,
			);
			path = PurpleImage;
			sourceTree = "<group>";
		};
		405703CB2739612B0095BD5E /* Resources */ = {
			isa = PBXGroup;
			children = (
				405703B32739477C0095BD5E /* AppDelegate.swift */,
				405703B52739477C0095BD5E /* SceneDelegate.swift */,
			);
			path = Resources;
			sourceTree = "<group>";
		};
		405703CC273961400095BD5E /* Screens */ = {
			isa = PBXGroup;
			children = (
				405703C727394ABC0095BD5E /* SearchPicturesVC.swift */,
				405703C927394AD00095BD5E /* FavoritesVC.swift */,
				40895A75273A82D000276AE2 /* SearchResultsVC.swift */,
				403E345927495B5800850FF4 /* SelectedPictureVC.swift */,
			);
			path = Screens;
			sourceTree = "<group>";
		};
		405703D12739C1A20095BD5E /* Custom Views */ = {
			isa = PBXGroup;
			children = (
				402DFAEB275FEDE2000B25F0 /* ViewControllers */,
				40A22962273DD498002DF56D /* Cells */,
				405703CF2739B8C50095BD5E /* PiTextField.swift */,
				40895A73273A70C500276AE2 /* PiButton.swift */,
				40D8D1672743DFA200FAD588 /* PiResultImageView.swift */,
				408B023F27611FE3002F37B0 /* PiBodyLabel.swift */,
				4022BFDA27691304001CB43D /* PiEmptyFavouritesView.swift */,
			);
			path = "Custom Views";
			sourceTree = "<group>";
		};
		40895A77273B0DB600276AE2 /* Utilities */ = {
			isa = PBXGroup;
			children = (
				40895A7D273B136800276AE2 /* ErrorMessage.swift */,
				409EC4AC275E6DBB00C2ABC9 /* UIHelpers.swift */,
				408B024127614F9C002F37B0 /* Constants.swift */,
			);
			path = Utilities;
			sourceTree = "<group>";
		};
		40895A7A273B108200276AE2 /* Model */ = {
			isa = PBXGroup;
			children = (
				40895A7B273B10A000276AE2 /* PictureResultsModel.swift */,
			);
			path = Model;
			sourceTree = "<group>";
		};
		40895A7F273B136E00276AE2 /* Managers */ = {
			isa = PBXGroup;
			children = (
				40895A78273B0DDF00276AE2 /* NetworkManager.swift */,
				4022BFFF27693975001CB43D /* PersistenceManager.swift */,
			);
			path = Managers;
			sourceTree = "<group>";
		};
		40A22962273DD498002DF56D /* Cells */ = {
			isa = PBXGroup;
			children = (
				40A22963273DD4BE002DF56D /* ResultsCollectionViewCell.swift */,
				403E345B274AE2F300850FF4 /* TagsCollectionViewCell.swift */,
			);
			path = Cells;
			sourceTree = "<group>";
		};
		40D8D16B2743E75D00FAD588 /* Extensions */ = {
			isa = PBXGroup;
			children = (
				40D8D16C2743E78400FAD588 /* UIViewController+Ext.swift */,
			);
			path = Extensions;
			sourceTree = "<group>";
		};
/* End PBXGroup section */

/* Begin PBXNativeTarget section */
		405703AF2739477C0095BD5E /* PurpleImage */ = {
			isa = PBXNativeTarget;
			buildConfigurationList = 405703C42739477E0095BD5E /* Build configuration list for PBXNativeTarget "PurpleImage" */;
			buildPhases = (
				405703AC2739477C0095BD5E /* Sources */,
				405703AD2739477C0095BD5E /* Frameworks */,
				405703AE2739477C0095BD5E /* Resources */,
			);
			buildRules = (
			);
			dependencies = (
			);
			name = PurpleImage;
			productName = PurpleImage;
			productReference = 405703B02739477C0095BD5E /* PurpleImage.app */;
			productType = "com.apple.product-type.application";
		};
/* End PBXNativeTarget section */

/* Begin PBXProject section */
		405703A82739477C0095BD5E /* Project object */ = {
			isa = PBXProject;
			attributes = {
				BuildIndependentTargetsInParallel = 1;
				LastSwiftUpdateCheck = 1310;
				LastUpgradeCheck = 1310;
				TargetAttributes = {
					405703AF2739477C0095BD5E = {
						CreatedOnToolsVersion = 13.1;
					};
				};
			};
			buildConfigurationList = 405703AB2739477C0095BD5E /* Build configuration list for PBXProject "PurpleImage" */;
			compatibilityVersion = "Xcode 13.0";
			developmentRegion = en;
			hasScannedForEncodings = 0;
			knownRegions = (
				en,
				Base,
			);
			mainGroup = 405703A72739477C0095BD5E;
			productRefGroup = 405703B12739477C0095BD5E /* Products */;
			projectDirPath = "";
			projectRoot = "";
			targets = (
				405703AF2739477C0095BD5E /* PurpleImage */,
			);
		};
/* End PBXProject section */

/* Begin PBXResourcesBuildPhase section */
		405703AE2739477C0095BD5E /* Resources */ = {
			isa = PBXResourcesBuildPhase;
			buildActionMask = 2147483647;
			files = (
				405703C02739477E0095BD5E /* LaunchScreen.storyboard in Resources */,
				405703BD2739477E0095BD5E /* Assets.xcassets in Resources */,
			);
			runOnlyForDeploymentPostprocessing = 0;
		};
/* End PBXResourcesBuildPhase section */

/* Begin PBXSourcesBuildPhase section */
		405703AC2739477C0095BD5E /* Sources */ = {
			isa = PBXSourcesBuildPhase;
			buildActionMask = 2147483647;
			files = (
				40D8D1682743DFA200FAD588 /* PiResultImageView.swift in Sources */,
				408B024227614F9C002F37B0 /* Constants.swift in Sources */,
				406854E12762A7A200131310 /* LabelsResultVC.swift in Sources */,
				403E345C274AE2F300850FF4 /* TagsCollectionViewCell.swift in Sources */,
				40D8D16D2743E78400FAD588 /* UIViewController+Ext.swift in Sources */,
				40895A76273A82D000276AE2 /* SearchResultsVC.swift in Sources */,
				409EC4AD275E6DBB00C2ABC9 /* UIHelpers.swift in Sources */,
				405703CA27394AD00095BD5E /* FavoritesVC.swift in Sources */,
				4022BFD927690994001CB43D /* CoreDataMain.xcdatamodeld in Sources */,
				4022BFDB27691304001CB43D /* PiEmptyFavouritesView.swift in Sources */,
				40895A7E273B136800276AE2 /* ErrorMessage.swift in Sources */,
				4022C00027693975001CB43D /* PersistenceManager.swift in Sources */,
				405703D02739B8C50095BD5E /* PiTextField.swift in Sources */,
				40895A7C273B10A000276AE2 /* PictureResultsModel.swift in Sources */,
				405703B42739477C0095BD5E /* AppDelegate.swift in Sources */,
				40895A79273B0DDF00276AE2 /* NetworkManager.swift in Sources */,
				405703B62739477C0095BD5E /* SceneDelegate.swift in Sources */,
				40895A74273A70C500276AE2 /* PiButton.swift in Sources */,
				40A22964273DD4BE002DF56D /* ResultsCollectionViewCell.swift in Sources */,
				402DFAEA275FED97000B25F0 /* DetailsVC.swift in Sources */,
				408B024027611FE3002F37B0 /* PiBodyLabel.swift in Sources */,
				403E345A27495B5800850FF4 /* SelectedPictureVC.swift in Sources */,
				405703C827394ABC0095BD5E /* SearchPicturesVC.swift in Sources */,
			);
			runOnlyForDeploymentPostprocessing = 0;
		};
/* End PBXSourcesBuildPhase section */

/* Begin PBXVariantGroup section */
		405703BE2739477E0095BD5E /* LaunchScreen.storyboard */ = {
			isa = PBXVariantGroup;
			children = (
				405703BF2739477E0095BD5E /* Base */,
			);
			name = LaunchScreen.storyboard;
			sourceTree = "<group>";
		};
/* End PBXVariantGroup section */

/* Begin XCBuildConfiguration section */
		405703C22739477E0095BD5E /* Debug */ = {
			isa = XCBuildConfiguration;
			buildSettings = {
				ALWAYS_SEARCH_USER_PATHS = NO;
				CLANG_ANALYZER_NONNULL = YES;
				CLANG_ANALYZER_NUMBER_OBJECT_CONVERSION = YES_AGGRESSIVE;
				CLANG_CXX_LANGUAGE_STANDARD = "gnu++17";
				CLANG_CXX_LIBRARY = "libc++";
				CLANG_ENABLE_MODULES = YES;
				CLANG_ENABLE_OBJC_ARC = YES;
				CLANG_ENABLE_OBJC_WEAK = YES;
				CLANG_WARN_BLOCK_CAPTURE_AUTORELEASING = YES;
				CLANG_WARN_BOOL_CONVERSION = YES;
				CLANG_WARN_COMMA = YES;
				CLANG_WARN_CONSTANT_CONVERSION = YES;
				CLANG_WARN_DEPRECATED_OBJC_IMPLEMENTATIONS = YES;
				CLANG_WARN_DIRECT_OBJC_ISA_USAGE = YES_ERROR;
				CLANG_WARN_DOCUMENTATION_COMMENTS = YES;
				CLANG_WARN_EMPTY_BODY = YES;
				CLANG_WARN_ENUM_CONVERSION = YES;
				CLANG_WARN_INFINITE_RECURSION = YES;
				CLANG_WARN_INT_CONVERSION = YES;
				CLANG_WARN_NON_LITERAL_NULL_CONVERSION = YES;
				CLANG_WARN_OBJC_IMPLICIT_RETAIN_SELF = YES;
				CLANG_WARN_OBJC_LITERAL_CONVERSION = YES;
				CLANG_WARN_OBJC_ROOT_CLASS = YES_ERROR;
				CLANG_WARN_QUOTED_INCLUDE_IN_FRAMEWORK_HEADER = YES;
				CLANG_WARN_RANGE_LOOP_ANALYSIS = YES;
				CLANG_WARN_STRICT_PROTOTYPES = YES;
				CLANG_WARN_SUSPICIOUS_MOVE = YES;
				CLANG_WARN_UNGUARDED_AVAILABILITY = YES_AGGRESSIVE;
				CLANG_WARN_UNREACHABLE_CODE = YES;
				CLANG_WARN__DUPLICATE_METHOD_MATCH = YES;
				COPY_PHASE_STRIP = NO;
				DEBUG_INFORMATION_FORMAT = dwarf;
				ENABLE_STRICT_OBJC_MSGSEND = YES;
				ENABLE_TESTABILITY = YES;
				GCC_C_LANGUAGE_STANDARD = gnu11;
				GCC_DYNAMIC_NO_PIC = NO;
				GCC_NO_COMMON_BLOCKS = YES;
				GCC_OPTIMIZATION_LEVEL = 0;
				GCC_PREPROCESSOR_DEFINITIONS = (
					"DEBUG=1",
					"$(inherited)",
				);
				GCC_WARN_64_TO_32_BIT_CONVERSION = YES;
				GCC_WARN_ABOUT_RETURN_TYPE = YES_ERROR;
				GCC_WARN_UNDECLARED_SELECTOR = YES;
				GCC_WARN_UNINITIALIZED_AUTOS = YES_AGGRESSIVE;
				GCC_WARN_UNUSED_FUNCTION = YES;
				GCC_WARN_UNUSED_VARIABLE = YES;
				IPHONEOS_DEPLOYMENT_TARGET = 15.0;
				MTL_ENABLE_DEBUG_INFO = INCLUDE_SOURCE;
				MTL_FAST_MATH = YES;
				ONLY_ACTIVE_ARCH = YES;
				SDKROOT = iphoneos;
				SWIFT_ACTIVE_COMPILATION_CONDITIONS = DEBUG;
				SWIFT_OPTIMIZATION_LEVEL = "-Onone";
			};
			name = Debug;
		};
		405703C32739477E0095BD5E /* Release */ = {
			isa = XCBuildConfiguration;
			buildSettings = {
				ALWAYS_SEARCH_USER_PATHS = NO;
				CLANG_ANALYZER_NONNULL = YES;
				CLANG_ANALYZER_NUMBER_OBJECT_CONVERSION = YES_AGGRESSIVE;
				CLANG_CXX_LANGUAGE_STANDARD = "gnu++17";
				CLANG_CXX_LIBRARY = "libc++";
				CLANG_ENABLE_MODULES = YES;
				CLANG_ENABLE_OBJC_ARC = YES;
				CLANG_ENABLE_OBJC_WEAK = YES;
				CLANG_WARN_BLOCK_CAPTURE_AUTORELEASING = YES;
				CLANG_WARN_BOOL_CONVERSION = YES;
				CLANG_WARN_COMMA = YES;
				CLANG_WARN_CONSTANT_CONVERSION = YES;
				CLANG_WARN_DEPRECATED_OBJC_IMPLEMENTATIONS = YES;
				CLANG_WARN_DIRECT_OBJC_ISA_USAGE = YES_ERROR;
				CLANG_WARN_DOCUMENTATION_COMMENTS = YES;
				CLANG_WARN_EMPTY_BODY = YES;
				CLANG_WARN_ENUM_CONVERSION = YES;
				CLANG_WARN_INFINITE_RECURSION = YES;
				CLANG_WARN_INT_CONVERSION = YES;
				CLANG_WARN_NON_LITERAL_NULL_CONVERSION = YES;
				CLANG_WARN_OBJC_IMPLICIT_RETAIN_SELF = YES;
				CLANG_WARN_OBJC_LITERAL_CONVERSION = YES;
				CLANG_WARN_OBJC_ROOT_CLASS = YES_ERROR;
				CLANG_WARN_QUOTED_INCLUDE_IN_FRAMEWORK_HEADER = YES;
				CLANG_WARN_RANGE_LOOP_ANALYSIS = YES;
				CLANG_WARN_STRICT_PROTOTYPES = YES;
				CLANG_WARN_SUSPICIOUS_MOVE = YES;
				CLANG_WARN_UNGUARDED_AVAILABILITY = YES_AGGRESSIVE;
				CLANG_WARN_UNREACHABLE_CODE = YES;
				CLANG_WARN__DUPLICATE_METHOD_MATCH = YES;
				COPY_PHASE_STRIP = NO;
				DEBUG_INFORMATION_FORMAT = "dwarf-with-dsym";
				ENABLE_NS_ASSERTIONS = NO;
				ENABLE_STRICT_OBJC_MSGSEND = YES;
				GCC_C_LANGUAGE_STANDARD = gnu11;
				GCC_NO_COMMON_BLOCKS = YES;
				GCC_WARN_64_TO_32_BIT_CONVERSION = YES;
				GCC_WARN_ABOUT_RETURN_TYPE = YES_ERROR;
				GCC_WARN_UNDECLARED_SELECTOR = YES;
				GCC_WARN_UNINITIALIZED_AUTOS = YES_AGGRESSIVE;
				GCC_WARN_UNUSED_FUNCTION = YES;
				GCC_WARN_UNUSED_VARIABLE = YES;
				IPHONEOS_DEPLOYMENT_TARGET = 15.0;
				MTL_ENABLE_DEBUG_INFO = NO;
				MTL_FAST_MATH = YES;
				SDKROOT = iphoneos;
				SWIFT_COMPILATION_MODE = wholemodule;
				SWIFT_OPTIMIZATION_LEVEL = "-O";
				VALIDATE_PRODUCT = YES;
			};
			name = Release;
		};
		405703C52739477E0095BD5E /* Debug */ = {
			isa = XCBuildConfiguration;
			buildSettings = {
				ASSETCATALOG_COMPILER_APPICON_NAME = AppIcon;
				ASSETCATALOG_COMPILER_GLOBAL_ACCENT_COLOR_NAME = AccentColor;
				CODE_SIGN_STYLE = Automatic;
				CURRENT_PROJECT_VERSION = 1;
				DEVELOPMENT_TEAM = 2AS4F3T75B;
				GENERATE_INFOPLIST_FILE = YES;
				INFOPLIST_FILE = PurpleImage/Info.plist;
				INFOPLIST_KEY_UIApplicationSupportsIndirectInputEvents = YES;
				INFOPLIST_KEY_UILaunchStoryboardName = LaunchScreen;
				INFOPLIST_KEY_UISupportedInterfaceOrientations_iPad = "UIInterfaceOrientationPortrait UIInterfaceOrientationPortraitUpsideDown UIInterfaceOrientationLandscapeLeft UIInterfaceOrientationLandscapeRight";
				INFOPLIST_KEY_UISupportedInterfaceOrientations_iPhone = "UIInterfaceOrientationPortrait UIInterfaceOrientationLandscapeLeft UIInterfaceOrientationLandscapeRight";
				IPHONEOS_DEPLOYMENT_TARGET = 14.0;
				LD_RUNPATH_SEARCH_PATHS = (
					"$(inherited)",
					"@executable_path/Frameworks",
				);
				MARKETING_VERSION = 1.0;
				PRODUCT_BUNDLE_IDENTIFIER = com.kuckelhaus.PurpleImage;
				PRODUCT_NAME = "$(TARGET_NAME)";
				SWIFT_EMIT_LOC_STRINGS = YES;
				SWIFT_VERSION = 5.0;
				TARGETED_DEVICE_FAMILY = 1;
			};
			name = Debug;
		};
		405703C62739477E0095BD5E /* Release */ = {
			isa = XCBuildConfiguration;
			buildSettings = {
				ASSETCATALOG_COMPILER_APPICON_NAME = AppIcon;
				ASSETCATALOG_COMPILER_GLOBAL_ACCENT_COLOR_NAME = AccentColor;
				CODE_SIGN_STYLE = Automatic;
				CURRENT_PROJECT_VERSION = 1;
				DEVELOPMENT_TEAM = 2AS4F3T75B;
				GENERATE_INFOPLIST_FILE = YES;
				INFOPLIST_FILE = PurpleImage/Info.plist;
				INFOPLIST_KEY_UIApplicationSupportsIndirectInputEvents = YES;
				INFOPLIST_KEY_UILaunchStoryboardName = LaunchScreen;
				INFOPLIST_KEY_UISupportedInterfaceOrientations_iPad = "UIInterfaceOrientationPortrait UIInterfaceOrientationPortraitUpsideDown UIInterfaceOrientationLandscapeLeft UIInterfaceOrientationLandscapeRight";
				INFOPLIST_KEY_UISupportedInterfaceOrientations_iPhone = "UIInterfaceOrientationPortrait UIInterfaceOrientationLandscapeLeft UIInterfaceOrientationLandscapeRight";
				IPHONEOS_DEPLOYMENT_TARGET = 14.0;
				LD_RUNPATH_SEARCH_PATHS = (
					"$(inherited)",
					"@executable_path/Frameworks",
				);
				MARKETING_VERSION = 1.0;
				PRODUCT_BUNDLE_IDENTIFIER = com.kuckelhaus.PurpleImage;
				PRODUCT_NAME = "$(TARGET_NAME)";
				SWIFT_EMIT_LOC_STRINGS = YES;
				SWIFT_VERSION = 5.0;
				TARGETED_DEVICE_FAMILY = 1;
			};
			name = Release;
		};
/* End XCBuildConfiguration section */

/* Begin XCConfigurationList section */
		405703AB2739477C0095BD5E /* Build configuration list for PBXProject "PurpleImage" */ = {
			isa = XCConfigurationList;
			buildConfigurations = (
				405703C22739477E0095BD5E /* Debug */,
				405703C32739477E0095BD5E /* Release */,
			);
			defaultConfigurationIsVisible = 0;
			defaultConfigurationName = Release;
		};
		405703C42739477E0095BD5E /* Build configuration list for PBXNativeTarget "PurpleImage" */ = {
			isa = XCConfigurationList;
			buildConfigurations = (
				405703C52739477E0095BD5E /* Debug */,
				405703C62739477E0095BD5E /* Release */,
			);
			defaultConfigurationIsVisible = 0;
			defaultConfigurationName = Release;
		};
/* End XCConfigurationList section */

/* Begin XCVersionGroup section */
		4022BFD727690994001CB43D /* CoreDataMain.xcdatamodeld */ = {
			isa = XCVersionGroup;
			children = (
				4022BFD827690994001CB43D /* CoreDataMain.xcdatamodel */,
			);
			currentVersion = 4022BFD827690994001CB43D /* CoreDataMain.xcdatamodel */;
			path = CoreDataMain.xcdatamodeld;
			sourceTree = "<group>";
			versionGroupType = wrapper.xcdatamodel;
		};
/* End XCVersionGroup section */
	};
	rootObject = 405703A82739477C0095BD5E /* Project object */;
}
